
Microsoft Visual Studio Solution File, Format Version 12.00
# Visual Studio Version 17
VisualStudioVersion = 17.11.35219.272
MinimumVisualStudioVersion = 10.0.40219.1
Project("{FAE04EC0-301F-11D3-BF4B-00C04F79EFBC}") = "Laboratorio3", "Laboratorio3\Laboratorio3.csproj", "{C52D2CC7-2DB3-48C6-B630-A30575424631}"
EndProject
Project("{FAE04EC0-301F-11D3-BF4B-00C04F79EFBC}") = "Laboratorio31", "Laboratorio31\Laboratorio31.csproj", "{98C85265-1351-4A18-89EC-3975D15DE291}"
EndProject
Project("{FAE04EC0-301F-11D3-BF4B-00C04F79EFBC}") = "Laboratorio32", "Laboratorio32\Laboratorio32.csproj", "{944DFBF1-1B5A-440E-8B6C-3CDFBDC663EC}"
EndProject
Project("{FAE04EC0-301F-11D3-BF4B-00C04F79EFBC}") = "Laboratorio33", "Laboratorio33\Laboratorio33.csproj", "{7F2752E2-549C-4FA3-9537-5B9C9E5A526F}"
EndProject
Global
	GlobalSection(SolutionConfigurationPlatforms) = preSolution
		Debug|Any CPU = Debug|Any CPU
		Release|Any CPU = Release|Any CPU
	EndGlobalSection
	GlobalSection(ProjectConfigurationPlatforms) = postSolution
		{C52D2CC7-2DB3-48C6-B630-A30575424631}.Debug|Any CPU.ActiveCfg = Debug|Any CPU
		{C52D2CC7-2DB3-48C6-B630-A30575424631}.Debug|Any CPU.Build.0 = Debug|Any CPU
		{C52D2CC7-2DB3-48C6-B630-A30575424631}.Release|Any CPU.ActiveCfg = Release|Any CPU
		{C52D2CC7-2DB3-48C6-B630-A30575424631}.Release|Any CPU.Build.0 = Release|Any CPU
		{98C85265-1351-4A18-89EC-3975D15DE291}.Debug|Any CPU.ActiveCfg = Debug|Any CPU
		{98C85265-1351-4A18-89EC-3975D15DE291}.Debug|Any CPU.Build.0 = Debug|Any CPU
		{98C85265-1351-4A18-89EC-3975D15DE291}.Release|Any CPU.ActiveCfg = Release|Any CPU
		{98C85265-1351-4A18-89EC-3975D15DE291}.Release|Any CPU.Build.0 = Release|Any CPU
		{944DFBF1-1B5A-440E-8B6C-3CDFBDC663EC}.Debug|Any CPU.ActiveCfg = Debug|Any CPU
		{944DFBF1-1B5A-440E-8B6C-3CDFBDC663EC}.Debug|Any CPU.Build.0 = Debug|Any CPU
		{944DFBF1-1B5A-440E-8B6C-3CDFBDC663EC}.Release|Any CPU.ActiveCfg = Release|Any CPU
		{944DFBF1-1B5A-440E-8B6C-3CDFBDC663EC}.Release|Any CPU.Build.0 = Release|Any CPU
		{7F2752E2-549C-4FA3-9537-5B9C9E5A526F}.Debug|Any CPU.ActiveCfg = Debug|Any CPU
		{7F2752E2-549C-4FA3-9537-5B9C9E5A526F}.Debug|Any CPU.Build.0 = Debug|Any CPU
		{7F2752E2-549C-4FA3-9537-5B9C9E5A526F}.Release|Any CPU.ActiveCfg = Release|Any CPU
		{7F2752E2-549C-4FA3-9537-5B9C9E5A526F}.Release|Any CPU.Build.0 = Release|Any CPU
	EndGlobalSection
	GlobalSection(SolutionProperties) = preSolution
		HideSolutionNode = FALSE
	EndGlobalSection
	GlobalSection(ExtensibilityGlobals) = postSolution
		SolutionGuid = {633C0450-BD8A-4EEC-8BA1-EA14D690ACEC}
	EndGlobalSection
EndGlobal
