
Microsoft Visual Studio Solution File, Format Version 12.00
# Visual Studio Version 17
VisualStudioVersion = 17.11.35219.272
MinimumVisualStudioVersion = 10.0.40219.1
Project("{FAE04EC0-301F-11D3-BF4B-00C04F79EFBC}") = "Parcial_2", "Parcial_2\Parcial_2.csproj", "{DCAFC11F-E65C-427C-ACB1-092A41BDDA21}"
EndProject
Global
	GlobalSection(SolutionConfigurationPlatforms) = preSolution
		Debug|Any CPU = Debug|Any CPU
		Release|Any CPU = Release|Any CPU
	EndGlobalSection
	GlobalSection(ProjectConfigurationPlatforms) = postSolution
		{DCAFC11F-E65C-427C-ACB1-092A41BDDA21}.Debug|Any CPU.ActiveCfg = Debug|Any CPU
		{DCAFC11F-E65C-427C-ACB1-092A41BDDA21}.Debug|Any CPU.Build.0 = Debug|Any CPU
		{DCAFC11F-E65C-427C-ACB1-092A41BDDA21}.Release|Any CPU.ActiveCfg = Release|Any CPU
		{DCAFC11F-E65C-427C-ACB1-092A41BDDA21}.Release|Any CPU.Build.0 = Release|Any CPU
	EndGlobalSection
	GlobalSection(SolutionProperties) = preSolution
		HideSolutionNode = FALSE
	EndGlobalSection
	GlobalSection(ExtensibilityGlobals) = postSolution
		SolutionGuid = {D8CFF761-7AD3-4ED4-8CFE-7BEA2ABB5ED4}
	EndGlobalSection
EndGlobal
