
Microsoft Visual Studio Solution File, Format Version 12.00
# Visual Studio Version 17
VisualStudioVersion = 17.11.35219.272
MinimumVisualStudioVersion = 10.0.40219.1
Project("{9A19103F-16F7-4668-BE54-9A1E7A4F7556}") = "Laboratorio91", "Laboratorio9\Laboratorio91.csproj", "{8AEAE75E-5240-46F3-AA48-E43156C7830C}"
EndProject
Project("{9A19103F-16F7-4668-BE54-9A1E7A4F7556}") = "Laboratorio92", "Laboratorio92\Laboratorio92.csproj", "{DAECF4EF-4F35-4BE6-BE46-7CD57CE5F51E}"
EndProject
Project("{9A19103F-16F7-4668-BE54-9A1E7A4F7556}") = "Laboratorio93", "Laboratorio93\Laboratorio93.csproj", "{90C86E9C-DFD9-424B-95D0-5C3F184DC972}"
EndProject
Project("{FAE04EC0-301F-11D3-BF4B-00C04F79EFBC}") = "Laboratorio94", "Laboratorio94\Laboratorio94.csproj", "{0F39D0C0-F5A3-42D5-A8AE-E73D5BBBA4D8}"
EndProject
Project("{FAE04EC0-301F-11D3-BF4B-00C04F79EFBC}") = "Laboratorio95", "Laboratorio95\Laboratorio95.csproj", "{B2E7122F-383C-4D4E-A555-8FE694D784B6}"
EndProject
Global
	GlobalSection(SolutionConfigurationPlatforms) = preSolution
		Debug|Any CPU = Debug|Any CPU
		Release|Any CPU = Release|Any CPU
	EndGlobalSection
	GlobalSection(ProjectConfigurationPlatforms) = postSolution
		{8AEAE75E-5240-46F3-AA48-E43156C7830C}.Debug|Any CPU.ActiveCfg = Debug|Any CPU
		{8AEAE75E-5240-46F3-AA48-E43156C7830C}.Debug|Any CPU.Build.0 = Debug|Any CPU
		{8AEAE75E-5240-46F3-AA48-E43156C7830C}.Release|Any CPU.ActiveCfg = Release|Any CPU
		{8AEAE75E-5240-46F3-AA48-E43156C7830C}.Release|Any CPU.Build.0 = Release|Any CPU
		{DAECF4EF-4F35-4BE6-BE46-7CD57CE5F51E}.Debug|Any CPU.ActiveCfg = Debug|Any CPU
		{DAECF4EF-4F35-4BE6-BE46-7CD57CE5F51E}.Debug|Any CPU.Build.0 = Debug|Any CPU
		{DAECF4EF-4F35-4BE6-BE46-7CD57CE5F51E}.Release|Any CPU.ActiveCfg = Release|Any CPU
		{DAECF4EF-4F35-4BE6-BE46-7CD57CE5F51E}.Release|Any CPU.Build.0 = Release|Any CPU
		{90C86E9C-DFD9-424B-95D0-5C3F184DC972}.Debug|Any CPU.ActiveCfg = Debug|Any CPU
		{90C86E9C-DFD9-424B-95D0-5C3F184DC972}.Debug|Any CPU.Build.0 = Debug|Any CPU
		{90C86E9C-DFD9-424B-95D0-5C3F184DC972}.Release|Any CPU.ActiveCfg = Release|Any CPU
		{90C86E9C-DFD9-424B-95D0-5C3F184DC972}.Release|Any CPU.Build.0 = Release|Any CPU
		{0F39D0C0-F5A3-42D5-A8AE-E73D5BBBA4D8}.Debug|Any CPU.ActiveCfg = Debug|Any CPU
		{0F39D0C0-F5A3-42D5-A8AE-E73D5BBBA4D8}.Debug|Any CPU.Build.0 = Debug|Any CPU
		{0F39D0C0-F5A3-42D5-A8AE-E73D5BBBA4D8}.Release|Any CPU.ActiveCfg = Release|Any CPU
		{0F39D0C0-F5A3-42D5-A8AE-E73D5BBBA4D8}.Release|Any CPU.Build.0 = Release|Any CPU
		{B2E7122F-383C-4D4E-A555-8FE694D784B6}.Debug|Any CPU.ActiveCfg = Debug|Any CPU
		{B2E7122F-383C-4D4E-A555-8FE694D784B6}.Debug|Any CPU.Build.0 = Debug|Any CPU
		{B2E7122F-383C-4D4E-A555-8FE694D784B6}.Release|Any CPU.ActiveCfg = Release|Any CPU
		{B2E7122F-383C-4D4E-A555-8FE694D784B6}.Release|Any CPU.Build.0 = Release|Any CPU
	EndGlobalSection
	GlobalSection(SolutionProperties) = preSolution
		HideSolutionNode = FALSE
	EndGlobalSection
	GlobalSection(ExtensibilityGlobals) = postSolution
		SolutionGuid = {4D51C4A3-69CA-4F91-9B29-CF85D6D31EF5}
	EndGlobalSection
EndGlobal
