
Microsoft Visual Studio Solution File, Format Version 12.00
# Visual Studio Version 17
VisualStudioVersion = 17.11.35219.272
MinimumVisualStudioVersion = 10.0.40219.1
Project("{FAE04EC0-301F-11D3-BF4B-00C04F79EFBC}") = "Laboratorio 131", "Laboratorio 131\Laboratorio 131.csproj", "{B489D83D-9CE6-4BE8-990A-8B11F53D2A25}"
EndProject
Global
	GlobalSection(SolutionConfigurationPlatforms) = preSolution
		Debug|Any CPU = Debug|Any CPU
		Release|Any CPU = Release|Any CPU
	EndGlobalSection
	GlobalSection(ProjectConfigurationPlatforms) = postSolution
		{B489D83D-9CE6-4BE8-990A-8B11F53D2A25}.Debug|Any CPU.ActiveCfg = Debug|Any CPU
		{B489D83D-9CE6-4BE8-990A-8B11F53D2A25}.Debug|Any CPU.Build.0 = Debug|Any CPU
		{B489D83D-9CE6-4BE8-990A-8B11F53D2A25}.Release|Any CPU.ActiveCfg = Release|Any CPU
		{B489D83D-9CE6-4BE8-990A-8B11F53D2A25}.Release|Any CPU.Build.0 = Release|Any CPU
	EndGlobalSection
	GlobalSection(SolutionProperties) = preSolution
		HideSolutionNode = FALSE
	EndGlobalSection
	GlobalSection(ExtensibilityGlobals) = postSolution
		SolutionGuid = {EB8123AC-ACC8-4B0E-9867-AF2764EF2207}
	EndGlobalSection
EndGlobal
